
Microsoft Visual Studio Solution File, Format Version 12.00
# Visual Studio 15
VisualStudioVersion = 15.0.26430.6
MinimumVisualStudioVersion = 10.0.40219.1
Project("{FAE04EC0-301F-11D3-BF4B-00C04F79EFBC}") = "TestStreamingClient", "TestStreamingClient\TestStreamingClient.csproj", "{63E98598-E0ED-49E7-8401-6F3AFA91ADAF}"
EndProject
Project("{2150E333-8FDC-42A3-9474-1A3956D46DE8}") = "Streaming", "Streaming", "{BFEBA29E-DFBA-474F-9CFC-D2A617C41048}"
EndProject
Project("{2150E333-8FDC-42A3-9474-1A3956D46DE8}") = "Persistence", "Persistence", "{2581B8F0-2FBF-4C6C-AC2B-377BF2B3AA07}"
EndProject
Project("{FAE04EC0-301F-11D3-BF4B-00C04F79EFBC}") = "TestPersistenceClient", "TestPersistenceClient\TestPersistenceClient.csproj", "{ED1F8453-CBB1-4783-86CC-24720BD9E6C6}"
EndProject
Project("{9A19103F-16F7-4668-BE54-9A1E7A4F7556}") = "TestPersistenceHost", "TestPersistenceHost\TestPersistenceHost.csproj", "{E59A1C1E-2F89-4D33-B31F-9B44FC0D0BBC}"
EndProject
Project("{9A19103F-16F7-4668-BE54-9A1E7A4F7556}") = "TestStreamingHost", "TestStreamingHost\TestStreamingHost.csproj", "{459643F6-EB27-414B-ABCE-F095172B13CB}"
EndProject
Project("{2150E333-8FDC-42A3-9474-1A3956D46DE8}") = "Remoting", "Remoting", "{D8C60039-3E2D-4A8A-9A4A-5A0F2E4A08A9}"
EndProject
Project("{9A19103F-16F7-4668-BE54-9A1E7A4F7556}") = "TestRemotingHost", "TestRemotingHostGame\TestRemotingHost.csproj", "{1A3552D7-1332-438B-B805-BAF2BBF87A9C}"
EndProject
Project("{FAE04EC0-301F-11D3-BF4B-00C04F79EFBC}") = "TestRemotingClient", "TestRemotingClient\TestRemotingClient.csproj", "{CCDB079C-B110-44D4-8BDB-BBE79C8752B6}"
EndProject
Project("{9A19103F-16F7-4668-BE54-9A1E7A4F7556}") = "TestGrainInterfaces", "TestGrainInterfaces\TestGrainInterfaces.csproj", "{8B40E81B-9708-4383-A2BE-322FFD85F730}"
EndProject
Project("{9A19103F-16F7-4668-BE54-9A1E7A4F7556}") = "TestGrains", "TestGrains\TestGrains.csproj", "{66CF5FBC-C0F8-4B97-BF7B-D7F01A69BD76}"
EndProject
Project("{2150E333-8FDC-42A3-9474-1A3956D46DE8}") = "Kinesis", "Kinesis", "{A0E1D0E1-9068-46C6-A156-BD1A5AD16984}"
EndProject
Project("{FAE04EC0-301F-11D3-BF4B-00C04F79EFBC}") = "TestKinesisStreamProvider", "TestKinesisStreamProvider\TestKinesisStreamProvider.csproj", "{3C5C5A9E-F6D0-40A6-A248-B68413848EE1}"
EndProject
Project("{2150E333-8FDC-42A3-9474-1A3956D46DE8}") = "EventSourcing", "EventSourcing", "{B1AD60CF-AD10-4E1D-8471-85E566CD018A}"
EndProject
Project("{FAE04EC0-301F-11D3-BF4B-00C04F79EFBC}") = "TestEventSourcingClient", "TestEventSourcingClient\TestEventSourcingClient.csproj", "{2AB7B457-E3F3-4A1B-9C5A-80DFBAD7F566}"
EndProject
Project("{FAE04EC0-301F-11D3-BF4B-00C04F79EFBC}") = "TestEventSourcingHost", "TestEventSourcingHost\TestEventSourcingHost.csproj", "{236AE950-301F-4FC6-9384-277681181705}"
EndProject
Global
	GlobalSection(SolutionConfigurationPlatforms) = preSolution
		Debug|Any CPU = Debug|Any CPU
		Release|Any CPU = Release|Any CPU
	EndGlobalSection
	GlobalSection(ProjectConfigurationPlatforms) = postSolution
		{63E98598-E0ED-49E7-8401-6F3AFA91ADAF}.Debug|Any CPU.ActiveCfg = Debug|Any CPU
		{63E98598-E0ED-49E7-8401-6F3AFA91ADAF}.Debug|Any CPU.Build.0 = Debug|Any CPU
		{63E98598-E0ED-49E7-8401-6F3AFA91ADAF}.Release|Any CPU.ActiveCfg = Release|Any CPU
		{63E98598-E0ED-49E7-8401-6F3AFA91ADAF}.Release|Any CPU.Build.0 = Release|Any CPU
		{ED1F8453-CBB1-4783-86CC-24720BD9E6C6}.Debug|Any CPU.ActiveCfg = Debug|Any CPU
		{ED1F8453-CBB1-4783-86CC-24720BD9E6C6}.Debug|Any CPU.Build.0 = Debug|Any CPU
		{ED1F8453-CBB1-4783-86CC-24720BD9E6C6}.Release|Any CPU.ActiveCfg = Release|Any CPU
		{ED1F8453-CBB1-4783-86CC-24720BD9E6C6}.Release|Any CPU.Build.0 = Release|Any CPU
		{E59A1C1E-2F89-4D33-B31F-9B44FC0D0BBC}.Debug|Any CPU.ActiveCfg = Debug|Any CPU
		{E59A1C1E-2F89-4D33-B31F-9B44FC0D0BBC}.Debug|Any CPU.Build.0 = Debug|Any CPU
		{E59A1C1E-2F89-4D33-B31F-9B44FC0D0BBC}.Release|Any CPU.ActiveCfg = Release|Any CPU
		{E59A1C1E-2F89-4D33-B31F-9B44FC0D0BBC}.Release|Any CPU.Build.0 = Release|Any CPU
		{459643F6-EB27-414B-ABCE-F095172B13CB}.Debug|Any CPU.ActiveCfg = Debug|Any CPU
		{459643F6-EB27-414B-ABCE-F095172B13CB}.Debug|Any CPU.Build.0 = Debug|Any CPU
		{459643F6-EB27-414B-ABCE-F095172B13CB}.Release|Any CPU.ActiveCfg = Release|Any CPU
		{459643F6-EB27-414B-ABCE-F095172B13CB}.Release|Any CPU.Build.0 = Release|Any CPU
		{1A3552D7-1332-438B-B805-BAF2BBF87A9C}.Debug|Any CPU.ActiveCfg = Debug|Any CPU
		{1A3552D7-1332-438B-B805-BAF2BBF87A9C}.Debug|Any CPU.Build.0 = Debug|Any CPU
		{1A3552D7-1332-438B-B805-BAF2BBF87A9C}.Release|Any CPU.ActiveCfg = Release|Any CPU
		{1A3552D7-1332-438B-B805-BAF2BBF87A9C}.Release|Any CPU.Build.0 = Release|Any CPU
		{CCDB079C-B110-44D4-8BDB-BBE79C8752B6}.Debug|Any CPU.ActiveCfg = Debug|Any CPU
		{CCDB079C-B110-44D4-8BDB-BBE79C8752B6}.Debug|Any CPU.Build.0 = Debug|Any CPU
		{CCDB079C-B110-44D4-8BDB-BBE79C8752B6}.Release|Any CPU.ActiveCfg = Release|Any CPU
		{CCDB079C-B110-44D4-8BDB-BBE79C8752B6}.Release|Any CPU.Build.0 = Release|Any CPU
		{8B40E81B-9708-4383-A2BE-322FFD85F730}.Debug|Any CPU.ActiveCfg = Debug|Any CPU
		{8B40E81B-9708-4383-A2BE-322FFD85F730}.Debug|Any CPU.Build.0 = Debug|Any CPU
		{8B40E81B-9708-4383-A2BE-322FFD85F730}.Release|Any CPU.ActiveCfg = Release|Any CPU
		{8B40E81B-9708-4383-A2BE-322FFD85F730}.Release|Any CPU.Build.0 = Release|Any CPU
		{66CF5FBC-C0F8-4B97-BF7B-D7F01A69BD76}.Debug|Any CPU.ActiveCfg = Debug|Any CPU
		{66CF5FBC-C0F8-4B97-BF7B-D7F01A69BD76}.Debug|Any CPU.Build.0 = Debug|Any CPU
		{66CF5FBC-C0F8-4B97-BF7B-D7F01A69BD76}.Release|Any CPU.ActiveCfg = Release|Any CPU
		{66CF5FBC-C0F8-4B97-BF7B-D7F01A69BD76}.Release|Any CPU.Build.0 = Release|Any CPU
		{3C5C5A9E-F6D0-40A6-A248-B68413848EE1}.Debug|Any CPU.ActiveCfg = Debug|Any CPU
		{3C5C5A9E-F6D0-40A6-A248-B68413848EE1}.Debug|Any CPU.Build.0 = Debug|Any CPU
		{3C5C5A9E-F6D0-40A6-A248-B68413848EE1}.Release|Any CPU.ActiveCfg = Release|Any CPU
		{3C5C5A9E-F6D0-40A6-A248-B68413848EE1}.Release|Any CPU.Build.0 = Release|Any CPU
		{2AB7B457-E3F3-4A1B-9C5A-80DFBAD7F566}.Debug|Any CPU.ActiveCfg = Debug|Any CPU
		{2AB7B457-E3F3-4A1B-9C5A-80DFBAD7F566}.Debug|Any CPU.Build.0 = Debug|Any CPU
		{2AB7B457-E3F3-4A1B-9C5A-80DFBAD7F566}.Release|Any CPU.ActiveCfg = Release|Any CPU
		{2AB7B457-E3F3-4A1B-9C5A-80DFBAD7F566}.Release|Any CPU.Build.0 = Release|Any CPU
		{236AE950-301F-4FC6-9384-277681181705}.Debug|Any CPU.ActiveCfg = Debug|Any CPU
		{236AE950-301F-4FC6-9384-277681181705}.Debug|Any CPU.Build.0 = Debug|Any CPU
		{236AE950-301F-4FC6-9384-277681181705}.Release|Any CPU.ActiveCfg = Release|Any CPU
		{236AE950-301F-4FC6-9384-277681181705}.Release|Any CPU.Build.0 = Release|Any CPU
	EndGlobalSection
	GlobalSection(SolutionProperties) = preSolution
		HideSolutionNode = FALSE
	EndGlobalSection
	GlobalSection(NestedProjects) = preSolution
		{63E98598-E0ED-49E7-8401-6F3AFA91ADAF} = {BFEBA29E-DFBA-474F-9CFC-D2A617C41048}
		{ED1F8453-CBB1-4783-86CC-24720BD9E6C6} = {2581B8F0-2FBF-4C6C-AC2B-377BF2B3AA07}
		{E59A1C1E-2F89-4D33-B31F-9B44FC0D0BBC} = {2581B8F0-2FBF-4C6C-AC2B-377BF2B3AA07}
		{459643F6-EB27-414B-ABCE-F095172B13CB} = {BFEBA29E-DFBA-474F-9CFC-D2A617C41048}
		{1A3552D7-1332-438B-B805-BAF2BBF87A9C} = {D8C60039-3E2D-4A8A-9A4A-5A0F2E4A08A9}
		{CCDB079C-B110-44D4-8BDB-BBE79C8752B6} = {D8C60039-3E2D-4A8A-9A4A-5A0F2E4A08A9}
		{A0E1D0E1-9068-46C6-A156-BD1A5AD16984} = {BFEBA29E-DFBA-474F-9CFC-D2A617C41048}
		{3C5C5A9E-F6D0-40A6-A248-B68413848EE1} = {A0E1D0E1-9068-46C6-A156-BD1A5AD16984}
		{2AB7B457-E3F3-4A1B-9C5A-80DFBAD7F566} = {B1AD60CF-AD10-4E1D-8471-85E566CD018A}
		{236AE950-301F-4FC6-9384-277681181705} = {B1AD60CF-AD10-4E1D-8471-85E566CD018A}
	EndGlobalSection
EndGlobal
