
Microsoft Visual Studio Solution File, Format Version 12.00
# Visual Studio 15
VisualStudioVersion = 15.0.26403.7
MinimumVisualStudioVersion = 10.0.40219.1
Project("{FAE04EC0-301F-11D3-BF4B-00C04F79EFBC}") = "TestHostFramework", "TestHostFramework\TestHostFramework.csproj", "{2F30075A-343F-48E7-90D9-121A6C4AF9EB}"
EndProject
Project("{FAE04EC0-301F-11D3-BF4B-00C04F79EFBC}") = "TestStreamingGrains", "TestStreamingGrains\TestStreamingGrains.csproj", "{DC6BF642-1C8C-469F-BA9B-8F325ABC37BE}"
EndProject
Project("{FAE04EC0-301F-11D3-BF4B-00C04F79EFBC}") = "TestStreamingGrainInterfaces", "TestStreamingGrainInterfaces\TestStreamingGrainInterfaces.csproj", "{7460A164-4642-4051-A656-9E689BFA3228}"
EndProject
Project("{FAE04EC0-301F-11D3-BF4B-00C04F79EFBC}") = "TestStreamingClient", "TestStreamingClient\TestStreamingClient.csproj", "{63E98598-E0ED-49E7-8401-6F3AFA91ADAF}"
EndProject
Project("{2150E333-8FDC-42A3-9474-1A3956D46DE8}") = "Streaming", "Streaming", "{BFEBA29E-DFBA-474F-9CFC-D2A617C41048}"
EndProject
Project("{2150E333-8FDC-42A3-9474-1A3956D46DE8}") = "Persistence", "Persistence", "{2581B8F0-2FBF-4C6C-AC2B-377BF2B3AA07}"
EndProject
Project("{FAE04EC0-301F-11D3-BF4B-00C04F79EFBC}") = "TestPersistenceClient", "TestPersistenceClient\TestPersistenceClient.csproj", "{ED1F8453-CBB1-4783-86CC-24720BD9E6C6}"
EndProject
Project("{9A19103F-16F7-4668-BE54-9A1E7A4F7556}") = "TestPersistenceGrainInterfaces", "TestPersistenceGrainInterfaces\TestPersistenceGrainInterfaces.csproj", "{04274C28-1E14-46E2-AD68-672AF5443137}"
EndProject
Project("{9A19103F-16F7-4668-BE54-9A1E7A4F7556}") = "TestPersistenceGrains", "TestPersistenceGrains\TestPersistenceGrains.csproj", "{2DED2A23-7DAF-4145-9498-1E13DB26507D}"
EndProject
Project("{9A19103F-16F7-4668-BE54-9A1E7A4F7556}") = "TestPersistenceHost", "TestPersistenceHost\TestPersistenceHost.csproj", "{E59A1C1E-2F89-4D33-B31F-9B44FC0D0BBC}"
EndProject
Project("{9A19103F-16F7-4668-BE54-9A1E7A4F7556}") = "TestStreamingHost", "TestStreamingHost\TestStreamingHost.csproj", "{459643F6-EB27-414B-ABCE-F095172B13CB}"
EndProject
Project("{FAE04EC0-301F-11D3-BF4B-00C04F79EFBC}") = "TestOverall", "TestOverall\TestOverall.csproj", "{D8AA70A2-6F70-460C-9DA9-C3061B37EE67}"
EndProject
Project("{2150E333-8FDC-42A3-9474-1A3956D46DE8}") = "Remoting", "Remoting", "{D8C60039-3E2D-4A8A-9A4A-5A0F2E4A08A9}"
EndProject
Project("{FAE04EC0-301F-11D3-BF4B-00C04F79EFBC}") = "TestRemotingGrainInterfaces", "TestRemotingGrainInterfaces\TestRemotingGrainInterfaces.csproj", "{B061A972-4543-4E4D-BA3E-180847F63271}"
EndProject
Project("{9A19103F-16F7-4668-BE54-9A1E7A4F7556}") = "TestRemotingHost", "TestRemotingHostGame\TestRemotingHost.csproj", "{1A3552D7-1332-438B-B805-BAF2BBF87A9C}"
EndProject
Project("{FAE04EC0-301F-11D3-BF4B-00C04F79EFBC}") = "TestRemotingClient", "TestRemotingClient\TestRemotingClient.csproj", "{CCDB079C-B110-44D4-8BDB-BBE79C8752B6}"
EndProject
Global
	GlobalSection(SolutionConfigurationPlatforms) = preSolution
		Debug|Any CPU = Debug|Any CPU
		Release|Any CPU = Release|Any CPU
	EndGlobalSection
	GlobalSection(ProjectConfigurationPlatforms) = postSolution
		{2F30075A-343F-48E7-90D9-121A6C4AF9EB}.Debug|Any CPU.ActiveCfg = Debug|Any CPU
		{2F30075A-343F-48E7-90D9-121A6C4AF9EB}.Debug|Any CPU.Build.0 = Debug|Any CPU
		{2F30075A-343F-48E7-90D9-121A6C4AF9EB}.Release|Any CPU.ActiveCfg = Release|Any CPU
		{2F30075A-343F-48E7-90D9-121A6C4AF9EB}.Release|Any CPU.Build.0 = Release|Any CPU
		{DC6BF642-1C8C-469F-BA9B-8F325ABC37BE}.Debug|Any CPU.ActiveCfg = Debug|Any CPU
		{DC6BF642-1C8C-469F-BA9B-8F325ABC37BE}.Debug|Any CPU.Build.0 = Debug|Any CPU
		{DC6BF642-1C8C-469F-BA9B-8F325ABC37BE}.Release|Any CPU.ActiveCfg = Release|Any CPU
		{DC6BF642-1C8C-469F-BA9B-8F325ABC37BE}.Release|Any CPU.Build.0 = Release|Any CPU
		{7460A164-4642-4051-A656-9E689BFA3228}.Debug|Any CPU.ActiveCfg = Debug|Any CPU
		{7460A164-4642-4051-A656-9E689BFA3228}.Debug|Any CPU.Build.0 = Debug|Any CPU
		{7460A164-4642-4051-A656-9E689BFA3228}.Release|Any CPU.ActiveCfg = Release|Any CPU
		{7460A164-4642-4051-A656-9E689BFA3228}.Release|Any CPU.Build.0 = Release|Any CPU
		{63E98598-E0ED-49E7-8401-6F3AFA91ADAF}.Debug|Any CPU.ActiveCfg = Debug|Any CPU
		{63E98598-E0ED-49E7-8401-6F3AFA91ADAF}.Debug|Any CPU.Build.0 = Debug|Any CPU
		{63E98598-E0ED-49E7-8401-6F3AFA91ADAF}.Release|Any CPU.ActiveCfg = Release|Any CPU
		{63E98598-E0ED-49E7-8401-6F3AFA91ADAF}.Release|Any CPU.Build.0 = Release|Any CPU
		{ED1F8453-CBB1-4783-86CC-24720BD9E6C6}.Debug|Any CPU.ActiveCfg = Debug|Any CPU
		{ED1F8453-CBB1-4783-86CC-24720BD9E6C6}.Debug|Any CPU.Build.0 = Debug|Any CPU
		{ED1F8453-CBB1-4783-86CC-24720BD9E6C6}.Release|Any CPU.ActiveCfg = Release|Any CPU
		{ED1F8453-CBB1-4783-86CC-24720BD9E6C6}.Release|Any CPU.Build.0 = Release|Any CPU
		{04274C28-1E14-46E2-AD68-672AF5443137}.Debug|Any CPU.ActiveCfg = Debug|Any CPU
		{04274C28-1E14-46E2-AD68-672AF5443137}.Debug|Any CPU.Build.0 = Debug|Any CPU
		{04274C28-1E14-46E2-AD68-672AF5443137}.Release|Any CPU.ActiveCfg = Release|Any CPU
		{04274C28-1E14-46E2-AD68-672AF5443137}.Release|Any CPU.Build.0 = Release|Any CPU
		{2DED2A23-7DAF-4145-9498-1E13DB26507D}.Debug|Any CPU.ActiveCfg = Debug|Any CPU
		{2DED2A23-7DAF-4145-9498-1E13DB26507D}.Debug|Any CPU.Build.0 = Debug|Any CPU
		{2DED2A23-7DAF-4145-9498-1E13DB26507D}.Release|Any CPU.ActiveCfg = Release|Any CPU
		{2DED2A23-7DAF-4145-9498-1E13DB26507D}.Release|Any CPU.Build.0 = Release|Any CPU
		{E59A1C1E-2F89-4D33-B31F-9B44FC0D0BBC}.Debug|Any CPU.ActiveCfg = Debug|Any CPU
		{E59A1C1E-2F89-4D33-B31F-9B44FC0D0BBC}.Debug|Any CPU.Build.0 = Debug|Any CPU
		{E59A1C1E-2F89-4D33-B31F-9B44FC0D0BBC}.Release|Any CPU.ActiveCfg = Release|Any CPU
		{E59A1C1E-2F89-4D33-B31F-9B44FC0D0BBC}.Release|Any CPU.Build.0 = Release|Any CPU
		{459643F6-EB27-414B-ABCE-F095172B13CB}.Debug|Any CPU.ActiveCfg = Debug|Any CPU
		{459643F6-EB27-414B-ABCE-F095172B13CB}.Debug|Any CPU.Build.0 = Debug|Any CPU
		{459643F6-EB27-414B-ABCE-F095172B13CB}.Release|Any CPU.ActiveCfg = Release|Any CPU
		{459643F6-EB27-414B-ABCE-F095172B13CB}.Release|Any CPU.Build.0 = Release|Any CPU
		{D8AA70A2-6F70-460C-9DA9-C3061B37EE67}.Debug|Any CPU.ActiveCfg = Debug|Any CPU
		{D8AA70A2-6F70-460C-9DA9-C3061B37EE67}.Debug|Any CPU.Build.0 = Debug|Any CPU
		{D8AA70A2-6F70-460C-9DA9-C3061B37EE67}.Release|Any CPU.ActiveCfg = Release|Any CPU
		{D8AA70A2-6F70-460C-9DA9-C3061B37EE67}.Release|Any CPU.Build.0 = Release|Any CPU
		{B061A972-4543-4E4D-BA3E-180847F63271}.Debug|Any CPU.ActiveCfg = Debug|Any CPU
		{B061A972-4543-4E4D-BA3E-180847F63271}.Debug|Any CPU.Build.0 = Debug|Any CPU
		{B061A972-4543-4E4D-BA3E-180847F63271}.Release|Any CPU.ActiveCfg = Release|Any CPU
		{B061A972-4543-4E4D-BA3E-180847F63271}.Release|Any CPU.Build.0 = Release|Any CPU
		{1A3552D7-1332-438B-B805-BAF2BBF87A9C}.Debug|Any CPU.ActiveCfg = Debug|Any CPU
		{1A3552D7-1332-438B-B805-BAF2BBF87A9C}.Debug|Any CPU.Build.0 = Debug|Any CPU
		{1A3552D7-1332-438B-B805-BAF2BBF87A9C}.Release|Any CPU.ActiveCfg = Release|Any CPU
		{1A3552D7-1332-438B-B805-BAF2BBF87A9C}.Release|Any CPU.Build.0 = Release|Any CPU
		{CCDB079C-B110-44D4-8BDB-BBE79C8752B6}.Debug|Any CPU.ActiveCfg = Debug|Any CPU
		{CCDB079C-B110-44D4-8BDB-BBE79C8752B6}.Debug|Any CPU.Build.0 = Debug|Any CPU
		{CCDB079C-B110-44D4-8BDB-BBE79C8752B6}.Release|Any CPU.ActiveCfg = Release|Any CPU
		{CCDB079C-B110-44D4-8BDB-BBE79C8752B6}.Release|Any CPU.Build.0 = Release|Any CPU
	EndGlobalSection
	GlobalSection(SolutionProperties) = preSolution
		HideSolutionNode = FALSE
	EndGlobalSection
	GlobalSection(NestedProjects) = preSolution
		{DC6BF642-1C8C-469F-BA9B-8F325ABC37BE} = {BFEBA29E-DFBA-474F-9CFC-D2A617C41048}
		{7460A164-4642-4051-A656-9E689BFA3228} = {BFEBA29E-DFBA-474F-9CFC-D2A617C41048}
		{63E98598-E0ED-49E7-8401-6F3AFA91ADAF} = {BFEBA29E-DFBA-474F-9CFC-D2A617C41048}
		{ED1F8453-CBB1-4783-86CC-24720BD9E6C6} = {2581B8F0-2FBF-4C6C-AC2B-377BF2B3AA07}
		{04274C28-1E14-46E2-AD68-672AF5443137} = {2581B8F0-2FBF-4C6C-AC2B-377BF2B3AA07}
		{2DED2A23-7DAF-4145-9498-1E13DB26507D} = {2581B8F0-2FBF-4C6C-AC2B-377BF2B3AA07}
		{E59A1C1E-2F89-4D33-B31F-9B44FC0D0BBC} = {2581B8F0-2FBF-4C6C-AC2B-377BF2B3AA07}
		{459643F6-EB27-414B-ABCE-F095172B13CB} = {BFEBA29E-DFBA-474F-9CFC-D2A617C41048}
		{B061A972-4543-4E4D-BA3E-180847F63271} = {D8C60039-3E2D-4A8A-9A4A-5A0F2E4A08A9}
		{1A3552D7-1332-438B-B805-BAF2BBF87A9C} = {D8C60039-3E2D-4A8A-9A4A-5A0F2E4A08A9}
		{CCDB079C-B110-44D4-8BDB-BBE79C8752B6} = {D8C60039-3E2D-4A8A-9A4A-5A0F2E4A08A9}
	EndGlobalSection
EndGlobal
